{
  "name": "test711",
  "version": "1.0.0",
  "lockfileVersion": 3,
  "requires": true,
  "packages": {
    "": {
      "name": "test711",
      "version": "1.0.0",
      "license": "ISC",
      "dependencies": {
        "test711": "file:"
      }
    },
    "node_modules/test711": {
      "resolved": "",
      "link": true
    }
  }
}
